
Microsoft Visual Studio Solution File, Format Version 12.00
# Visual Studio 15
VisualStudioVersion = 15.0.28010.2016
MinimumVisualStudioVersion = 10.0.40219.1
Project("{FAE04EC0-301F-11D3-BF4B-00C04F79EFBC}") = "SocrataWebDemo", "SocrataWebDemo\SocrataWebDemo.csproj", "{98EE677A-E61A-461F-9FED-10ACE601C110}"
EndProject
Global
	GlobalSection(SolutionConfigurationPlatforms) = preSolution
		Debug|Any CPU = Debug|Any CPU
		Release|Any CPU = Release|Any CPU
	EndGlobalSection
	GlobalSection(ProjectConfigurationPlatforms) = postSolution
		{98EE677A-E61A-461F-9FED-10ACE601C110}.Debug|Any CPU.ActiveCfg = Debug|Any CPU
		{98EE677A-E61A-461F-9FED-10ACE601C110}.Debug|Any CPU.Build.0 = Debug|Any CPU
		{98EE677A-E61A-461F-9FED-10ACE601C110}.Release|Any CPU.ActiveCfg = Release|Any CPU
		{98EE677A-E61A-461F-9FED-10ACE601C110}.Release|Any CPU.Build.0 = Release|Any CPU
	EndGlobalSection
	GlobalSection(SolutionProperties) = preSolution
		HideSolutionNode = FALSE
	EndGlobalSection
	GlobalSection(ExtensibilityGlobals) = postSolution
		SolutionGuid = {015D1C67-4C79-47CF-8F53-9793FB32B8BE}
	EndGlobalSection
EndGlobal
